
Microsoft Visual Studio Solution File, Format Version 12.00
# Visual Studio 15
VisualStudioVersion = 15.0.27703.2042
MinimumVisualStudioVersion = 10.0.40219.1
Project("{FAE04EC0-301F-11D3-BF4B-00C04F79EFBC}") = "Calcs", "Calcs\Calcs.csproj", "{C7FB5BC1-FA62-4DDF-AFC6-1431026AA72C}"
EndProject
Project("{FAE04EC0-301F-11D3-BF4B-00C04F79EFBC}") = "CalcCore", "CalcCore\CalcCore.csproj", "{9948DF11-C3E8-4ED8-BDF0-E67D2AA178CE}"
EndProject
Project("{FAE04EC0-301F-11D3-BF4B-00C04F79EFBC}") = "TestCalcs", "TestCalcs\TestCalcs.csproj", "{6212564F-470C-49EF-A4BE-1F8E0043EC89}"
EndProject
Project("{FAE04EC0-301F-11D3-BF4B-00C04F79EFBC}") = "UnitTestProject1", "UnitTestProject1\UnitTestProject1.csproj", "{5F6ACB32-68E2-4524-A52B-0B2E3AE2CF50}"
EndProject
Project("{FAE04EC0-301F-11D3-BF4B-00C04F79EFBC}") = "TestGeometry", "TestGeometry\TestGeometry.csproj", "{0587F708-B717-473C-ADC1-8974090E4718}"
EndProject
Project("{FAE04EC0-301F-11D3-BF4B-00C04F79EFBC}") = "CalcMonkey", "CalcMonkey\CalcMonkey.csproj", "{65351CC9-EB6C-4FE8-9176-AA61DF862D04}"
EndProject
Global
	GlobalSection(SolutionConfigurationPlatforms) = preSolution
		Debug|Any CPU = Debug|Any CPU
		Release|Any CPU = Release|Any CPU
	EndGlobalSection
	GlobalSection(ProjectConfigurationPlatforms) = postSolution
		{C7FB5BC1-FA62-4DDF-AFC6-1431026AA72C}.Debug|Any CPU.ActiveCfg = Debug|Any CPU
		{C7FB5BC1-FA62-4DDF-AFC6-1431026AA72C}.Debug|Any CPU.Build.0 = Debug|Any CPU
		{C7FB5BC1-FA62-4DDF-AFC6-1431026AA72C}.Release|Any CPU.ActiveCfg = Release|Any CPU
		{C7FB5BC1-FA62-4DDF-AFC6-1431026AA72C}.Release|Any CPU.Build.0 = Release|Any CPU
		{9948DF11-C3E8-4ED8-BDF0-E67D2AA178CE}.Debug|Any CPU.ActiveCfg = Debug|Any CPU
		{9948DF11-C3E8-4ED8-BDF0-E67D2AA178CE}.Debug|Any CPU.Build.0 = Debug|Any CPU
		{9948DF11-C3E8-4ED8-BDF0-E67D2AA178CE}.Release|Any CPU.ActiveCfg = Release|Any CPU
		{9948DF11-C3E8-4ED8-BDF0-E67D2AA178CE}.Release|Any CPU.Build.0 = Release|Any CPU
		{6212564F-470C-49EF-A4BE-1F8E0043EC89}.Debug|Any CPU.ActiveCfg = Debug|Any CPU
		{6212564F-470C-49EF-A4BE-1F8E0043EC89}.Debug|Any CPU.Build.0 = Debug|Any CPU
		{6212564F-470C-49EF-A4BE-1F8E0043EC89}.Release|Any CPU.ActiveCfg = Release|Any CPU
		{6212564F-470C-49EF-A4BE-1F8E0043EC89}.Release|Any CPU.Build.0 = Release|Any CPU
		{5F6ACB32-68E2-4524-A52B-0B2E3AE2CF50}.Debug|Any CPU.ActiveCfg = Debug|Any CPU
		{5F6ACB32-68E2-4524-A52B-0B2E3AE2CF50}.Debug|Any CPU.Build.0 = Debug|Any CPU
		{5F6ACB32-68E2-4524-A52B-0B2E3AE2CF50}.Release|Any CPU.ActiveCfg = Release|Any CPU
		{5F6ACB32-68E2-4524-A52B-0B2E3AE2CF50}.Release|Any CPU.Build.0 = Release|Any CPU
		{0587F708-B717-473C-ADC1-8974090E4718}.Debug|Any CPU.ActiveCfg = Debug|Any CPU
		{0587F708-B717-473C-ADC1-8974090E4718}.Debug|Any CPU.Build.0 = Debug|Any CPU
		{0587F708-B717-473C-ADC1-8974090E4718}.Release|Any CPU.ActiveCfg = Release|Any CPU
		{0587F708-B717-473C-ADC1-8974090E4718}.Release|Any CPU.Build.0 = Release|Any CPU
		{65351CC9-EB6C-4FE8-9176-AA61DF862D04}.Debug|Any CPU.ActiveCfg = Debug|Any CPU
		{65351CC9-EB6C-4FE8-9176-AA61DF862D04}.Debug|Any CPU.Build.0 = Debug|Any CPU
		{65351CC9-EB6C-4FE8-9176-AA61DF862D04}.Release|Any CPU.ActiveCfg = Release|Any CPU
		{65351CC9-EB6C-4FE8-9176-AA61DF862D04}.Release|Any CPU.Build.0 = Release|Any CPU
	EndGlobalSection
	GlobalSection(SolutionProperties) = preSolution
		HideSolutionNode = FALSE
	EndGlobalSection
	GlobalSection(ExtensibilityGlobals) = postSolution
		SolutionGuid = {CAC05EB0-CFE2-47F7-A88B-33D300C60A52}
	EndGlobalSection
EndGlobal
