
Microsoft Visual Studio Solution File, Format Version 12.00
# Visual Studio 15
VisualStudioVersion = 15.0.27703.2042
MinimumVisualStudioVersion = 10.0.40219.1
Project("{FAE04EC0-301F-11D3-BF4B-00C04F79EFBC}") = "Calcs", "Calcs\Calcs.csproj", "{C7FB5BC1-FA62-4DDF-AFC6-1431026AA72C}"
EndProject
Project("{FAE04EC0-301F-11D3-BF4B-00C04F79EFBC}") = "CalcCore", "CalcCore\CalcCore.csproj", "{9948DF11-C3E8-4ED8-BDF0-E67D2AA178CE}"
EndProject
Project("{FAE04EC0-301F-11D3-BF4B-00C04F79EFBC}") = "UnitTestProject1", "UnitTestProject1\UnitTestProject1.csproj", "{5F6ACB32-68E2-4524-A52B-0B2E3AE2CF50}"
EndProject
Project("{FAE04EC0-301F-11D3-BF4B-00C04F79EFBC}") = "CalcMonkey", "CalcMonkey\CalcMonkey.csproj", "{65351CC9-EB6C-4FE8-9176-AA61DF862D04}"
EndProject
Project("{FAE04EC0-301F-11D3-BF4B-00C04F79EFBC}") = "DynamicRelaxation", "DynamicRelaxation\DynamicRelaxation.csproj", "{6242D040-2B9A-436F-9C50-6A61F1B89960}"
EndProject
Project("{FAE04EC0-301F-11D3-BF4B-00C04F79EFBC}") = "RunInConsole", "RunInConsole\RunInConsole.csproj", "{92EF8A94-0310-4858-937A-C37F07692703}"
EndProject
Project("{FAE04EC0-301F-11D3-BF4B-00C04F79EFBC}") = "CalcWindowsUtilities", "CalcWindowsUtilities\CalcWindowsUtilities.csproj", "{35547D5C-C7E0-4A07-87D3-275DB1AA7A70}"
EndProject
Project("{FAE04EC0-301F-11D3-BF4B-00C04F79EFBC}") = "WindowsAppPlugins", "WindowsAppPlugins\WindowsAppPlugins.csproj", "{BF482AFB-AF24-4AF3-A5FC-B90C7D549D91}"
EndProject
Project("{FAE04EC0-301F-11D3-BF4B-00C04F79EFBC}") = "EssentialCalcs", "EssentialCalcs\EssentialCalcs.csproj", "{6212564F-470C-49EF-A4BE-1F8E0043EC89}"
EndProject
Global
	GlobalSection(SolutionConfigurationPlatforms) = preSolution
		Debug|Any CPU = Debug|Any CPU
		Release|Any CPU = Release|Any CPU
	EndGlobalSection
	GlobalSection(ProjectConfigurationPlatforms) = postSolution
		{C7FB5BC1-FA62-4DDF-AFC6-1431026AA72C}.Debug|Any CPU.ActiveCfg = Debug|Any CPU
		{C7FB5BC1-FA62-4DDF-AFC6-1431026AA72C}.Debug|Any CPU.Build.0 = Debug|Any CPU
		{C7FB5BC1-FA62-4DDF-AFC6-1431026AA72C}.Release|Any CPU.ActiveCfg = Release|Any CPU
		{C7FB5BC1-FA62-4DDF-AFC6-1431026AA72C}.Release|Any CPU.Build.0 = Release|Any CPU
		{9948DF11-C3E8-4ED8-BDF0-E67D2AA178CE}.Debug|Any CPU.ActiveCfg = Debug|Any CPU
		{9948DF11-C3E8-4ED8-BDF0-E67D2AA178CE}.Debug|Any CPU.Build.0 = Debug|Any CPU
		{9948DF11-C3E8-4ED8-BDF0-E67D2AA178CE}.Release|Any CPU.ActiveCfg = Release|Any CPU
		{9948DF11-C3E8-4ED8-BDF0-E67D2AA178CE}.Release|Any CPU.Build.0 = Release|Any CPU
		{5F6ACB32-68E2-4524-A52B-0B2E3AE2CF50}.Debug|Any CPU.ActiveCfg = Debug|Any CPU
		{5F6ACB32-68E2-4524-A52B-0B2E3AE2CF50}.Debug|Any CPU.Build.0 = Debug|Any CPU
		{5F6ACB32-68E2-4524-A52B-0B2E3AE2CF50}.Release|Any CPU.ActiveCfg = Release|Any CPU
		{5F6ACB32-68E2-4524-A52B-0B2E3AE2CF50}.Release|Any CPU.Build.0 = Release|Any CPU
		{65351CC9-EB6C-4FE8-9176-AA61DF862D04}.Debug|Any CPU.ActiveCfg = Debug|Any CPU
		{65351CC9-EB6C-4FE8-9176-AA61DF862D04}.Debug|Any CPU.Build.0 = Debug|Any CPU
		{65351CC9-EB6C-4FE8-9176-AA61DF862D04}.Release|Any CPU.ActiveCfg = Release|Any CPU
		{65351CC9-EB6C-4FE8-9176-AA61DF862D04}.Release|Any CPU.Build.0 = Release|Any CPU
		{6242D040-2B9A-436F-9C50-6A61F1B89960}.Debug|Any CPU.ActiveCfg = Debug|Any CPU
		{6242D040-2B9A-436F-9C50-6A61F1B89960}.Debug|Any CPU.Build.0 = Debug|Any CPU
		{6242D040-2B9A-436F-9C50-6A61F1B89960}.Release|Any CPU.ActiveCfg = Release|Any CPU
		{6242D040-2B9A-436F-9C50-6A61F1B89960}.Release|Any CPU.Build.0 = Release|Any CPU
		{92EF8A94-0310-4858-937A-C37F07692703}.Debug|Any CPU.ActiveCfg = Debug|Any CPU
		{92EF8A94-0310-4858-937A-C37F07692703}.Debug|Any CPU.Build.0 = Debug|Any CPU
		{92EF8A94-0310-4858-937A-C37F07692703}.Release|Any CPU.ActiveCfg = Release|Any CPU
		{92EF8A94-0310-4858-937A-C37F07692703}.Release|Any CPU.Build.0 = Release|Any CPU
		{35547D5C-C7E0-4A07-87D3-275DB1AA7A70}.Debug|Any CPU.ActiveCfg = Debug|Any CPU
		{35547D5C-C7E0-4A07-87D3-275DB1AA7A70}.Debug|Any CPU.Build.0 = Debug|Any CPU
		{35547D5C-C7E0-4A07-87D3-275DB1AA7A70}.Release|Any CPU.ActiveCfg = Release|Any CPU
		{35547D5C-C7E0-4A07-87D3-275DB1AA7A70}.Release|Any CPU.Build.0 = Release|Any CPU
		{BF482AFB-AF24-4AF3-A5FC-B90C7D549D91}.Debug|Any CPU.ActiveCfg = Debug|Any CPU
		{BF482AFB-AF24-4AF3-A5FC-B90C7D549D91}.Debug|Any CPU.Build.0 = Debug|Any CPU
		{BF482AFB-AF24-4AF3-A5FC-B90C7D549D91}.Release|Any CPU.ActiveCfg = Release|Any CPU
		{BF482AFB-AF24-4AF3-A5FC-B90C7D549D91}.Release|Any CPU.Build.0 = Release|Any CPU
		{6212564F-470C-49EF-A4BE-1F8E0043EC89}.Debug|Any CPU.ActiveCfg = Debug|Any CPU
		{6212564F-470C-49EF-A4BE-1F8E0043EC89}.Debug|Any CPU.Build.0 = Debug|Any CPU
		{6212564F-470C-49EF-A4BE-1F8E0043EC89}.Release|Any CPU.ActiveCfg = Release|Any CPU
		{6212564F-470C-49EF-A4BE-1F8E0043EC89}.Release|Any CPU.Build.0 = Release|Any CPU
	EndGlobalSection
	GlobalSection(SolutionProperties) = preSolution
		HideSolutionNode = FALSE
	EndGlobalSection
	GlobalSection(ExtensibilityGlobals) = postSolution
		SolutionGuid = {CAC05EB0-CFE2-47F7-A88B-33D300C60A52}
	EndGlobalSection
EndGlobal
