
Microsoft Visual Studio Solution File, Format Version 12.00
# Visual Studio Version 17
VisualStudioVersion = 17.9.34728.123
MinimumVisualStudioVersion = 10.0.40219.1
Project("{9A19103F-16F7-4668-BE54-9A1E7A4F7556}") = "Scaffold.Core", "Scaffold.Core\Scaffold.Core.csproj", "{BC82F32A-6425-41F7-A938-AF44312ABABF}"
EndProject
Project("{9A19103F-16F7-4668-BE54-9A1E7A4F7556}") = "Scaffold.Calculations", "Scaffold.Calculations\Scaffold.Calculations.csproj", "{A0271CB4-B2DC-4377-A628-C6D443E88D31}"
EndProject
Project("{9A19103F-16F7-4668-BE54-9A1E7A4F7556}") = "Scaffold.XUnitTests", "Scaffold.XUnitTests\Scaffold.XUnitTests.csproj", "{F7EDF5A4-1652-4064-A4DC-C5B5D2CA0E9A}"
EndProject
Project("{9A19103F-16F7-4668-BE54-9A1E7A4F7556}") = "Scaffold.VisualStudio.Calculator", "Scaffold.VisualStudio.Calculator\Scaffold.VisualStudio.Calculator.csproj", "{F57B8D3D-C487-4F72-A944-52783968699A}"
EndProject
Project("{9A19103F-16F7-4668-BE54-9A1E7A4F7556}") = "Scaffold.VisualStudio.XamlDesigner", "Scaffold.VisualStudio.XamlDesigner\Scaffold.VisualStudio.XamlDesigner.csproj", "{B0D3571E-05E7-4E9B-9112-BB7348311A92}"
EndProject
Project("{9A19103F-16F7-4668-BE54-9A1E7A4F7556}") = "Scaffold.VisualStudio.Models", "Scaffold.VisualStudio.Models\Scaffold.VisualStudio.Models.csproj", "{814E2470-CBBF-446E-BF3F-844CA5DEC7E8}"
EndProject
Project("{9A19103F-16F7-4668-BE54-9A1E7A4F7556}") = "Scaffold.VisualStudio.AddIn", "Scaffold.VisualStudio.AddIn\Scaffold.VisualStudio.AddIn.csproj", "{C3AE6ADF-6867-466A-9D0B-6668296556D5}"
EndProject
Global
	GlobalSection(SolutionConfigurationPlatforms) = preSolution
		Debug|Any CPU = Debug|Any CPU
		Debug|arm64 = Debug|arm64
		Debug|x86 = Debug|x86
		Release|Any CPU = Release|Any CPU
		Release|arm64 = Release|arm64
		Release|x86 = Release|x86
	EndGlobalSection
	GlobalSection(ProjectConfigurationPlatforms) = postSolution
		{BC82F32A-6425-41F7-A938-AF44312ABABF}.Debug|Any CPU.ActiveCfg = Debug|Any CPU
		{BC82F32A-6425-41F7-A938-AF44312ABABF}.Debug|Any CPU.Build.0 = Debug|Any CPU
		{BC82F32A-6425-41F7-A938-AF44312ABABF}.Debug|arm64.ActiveCfg = Debug|Any CPU
		{BC82F32A-6425-41F7-A938-AF44312ABABF}.Debug|arm64.Build.0 = Debug|Any CPU
		{BC82F32A-6425-41F7-A938-AF44312ABABF}.Debug|x86.ActiveCfg = Debug|Any CPU
		{BC82F32A-6425-41F7-A938-AF44312ABABF}.Debug|x86.Build.0 = Debug|Any CPU
		{BC82F32A-6425-41F7-A938-AF44312ABABF}.Release|Any CPU.ActiveCfg = Release|Any CPU
		{BC82F32A-6425-41F7-A938-AF44312ABABF}.Release|Any CPU.Build.0 = Release|Any CPU
		{BC82F32A-6425-41F7-A938-AF44312ABABF}.Release|arm64.ActiveCfg = Release|Any CPU
		{BC82F32A-6425-41F7-A938-AF44312ABABF}.Release|arm64.Build.0 = Release|Any CPU
		{BC82F32A-6425-41F7-A938-AF44312ABABF}.Release|x86.ActiveCfg = Release|Any CPU
		{BC82F32A-6425-41F7-A938-AF44312ABABF}.Release|x86.Build.0 = Release|Any CPU
		{A0271CB4-B2DC-4377-A628-C6D443E88D31}.Debug|Any CPU.ActiveCfg = Debug|Any CPU
		{A0271CB4-B2DC-4377-A628-C6D443E88D31}.Debug|Any CPU.Build.0 = Debug|Any CPU
		{A0271CB4-B2DC-4377-A628-C6D443E88D31}.Debug|arm64.ActiveCfg = Debug|Any CPU
		{A0271CB4-B2DC-4377-A628-C6D443E88D31}.Debug|arm64.Build.0 = Debug|Any CPU
		{A0271CB4-B2DC-4377-A628-C6D443E88D31}.Debug|x86.ActiveCfg = Debug|Any CPU
		{A0271CB4-B2DC-4377-A628-C6D443E88D31}.Debug|x86.Build.0 = Debug|Any CPU
		{A0271CB4-B2DC-4377-A628-C6D443E88D31}.Release|Any CPU.ActiveCfg = Release|Any CPU
		{A0271CB4-B2DC-4377-A628-C6D443E88D31}.Release|Any CPU.Build.0 = Release|Any CPU
		{A0271CB4-B2DC-4377-A628-C6D443E88D31}.Release|arm64.ActiveCfg = Release|Any CPU
		{A0271CB4-B2DC-4377-A628-C6D443E88D31}.Release|arm64.Build.0 = Release|Any CPU
		{A0271CB4-B2DC-4377-A628-C6D443E88D31}.Release|x86.ActiveCfg = Release|Any CPU
		{A0271CB4-B2DC-4377-A628-C6D443E88D31}.Release|x86.Build.0 = Release|Any CPU
		{F7EDF5A4-1652-4064-A4DC-C5B5D2CA0E9A}.Debug|Any CPU.ActiveCfg = Debug|Any CPU
		{F7EDF5A4-1652-4064-A4DC-C5B5D2CA0E9A}.Debug|Any CPU.Build.0 = Debug|Any CPU
		{F7EDF5A4-1652-4064-A4DC-C5B5D2CA0E9A}.Debug|arm64.ActiveCfg = Debug|Any CPU
		{F7EDF5A4-1652-4064-A4DC-C5B5D2CA0E9A}.Debug|arm64.Build.0 = Debug|Any CPU
		{F7EDF5A4-1652-4064-A4DC-C5B5D2CA0E9A}.Debug|x86.ActiveCfg = Debug|Any CPU
		{F7EDF5A4-1652-4064-A4DC-C5B5D2CA0E9A}.Debug|x86.Build.0 = Debug|Any CPU
		{F7EDF5A4-1652-4064-A4DC-C5B5D2CA0E9A}.Release|Any CPU.ActiveCfg = Release|Any CPU
		{F7EDF5A4-1652-4064-A4DC-C5B5D2CA0E9A}.Release|Any CPU.Build.0 = Release|Any CPU
		{F7EDF5A4-1652-4064-A4DC-C5B5D2CA0E9A}.Release|arm64.ActiveCfg = Release|Any CPU
		{F7EDF5A4-1652-4064-A4DC-C5B5D2CA0E9A}.Release|arm64.Build.0 = Release|Any CPU
		{F7EDF5A4-1652-4064-A4DC-C5B5D2CA0E9A}.Release|x86.ActiveCfg = Release|Any CPU
		{F7EDF5A4-1652-4064-A4DC-C5B5D2CA0E9A}.Release|x86.Build.0 = Release|Any CPU
		{F57B8D3D-C487-4F72-A944-52783968699A}.Debug|Any CPU.ActiveCfg = Debug|Any CPU
		{F57B8D3D-C487-4F72-A944-52783968699A}.Debug|Any CPU.Build.0 = Debug|Any CPU
		{F57B8D3D-C487-4F72-A944-52783968699A}.Debug|arm64.ActiveCfg = Debug|Any CPU
		{F57B8D3D-C487-4F72-A944-52783968699A}.Debug|arm64.Build.0 = Debug|Any CPU
		{F57B8D3D-C487-4F72-A944-52783968699A}.Debug|x86.ActiveCfg = Debug|Any CPU
		{F57B8D3D-C487-4F72-A944-52783968699A}.Debug|x86.Build.0 = Debug|Any CPU
		{F57B8D3D-C487-4F72-A944-52783968699A}.Release|Any CPU.ActiveCfg = Release|Any CPU
		{F57B8D3D-C487-4F72-A944-52783968699A}.Release|Any CPU.Build.0 = Release|Any CPU
		{F57B8D3D-C487-4F72-A944-52783968699A}.Release|arm64.ActiveCfg = Release|Any CPU
		{F57B8D3D-C487-4F72-A944-52783968699A}.Release|arm64.Build.0 = Release|Any CPU
		{F57B8D3D-C487-4F72-A944-52783968699A}.Release|x86.ActiveCfg = Release|Any CPU
		{F57B8D3D-C487-4F72-A944-52783968699A}.Release|x86.Build.0 = Release|Any CPU
		{B0D3571E-05E7-4E9B-9112-BB7348311A92}.Debug|Any CPU.ActiveCfg = Debug|Any CPU
		{B0D3571E-05E7-4E9B-9112-BB7348311A92}.Debug|Any CPU.Build.0 = Debug|Any CPU
		{B0D3571E-05E7-4E9B-9112-BB7348311A92}.Debug|arm64.ActiveCfg = Debug|Any CPU
		{B0D3571E-05E7-4E9B-9112-BB7348311A92}.Debug|arm64.Build.0 = Debug|Any CPU
		{B0D3571E-05E7-4E9B-9112-BB7348311A92}.Debug|x86.ActiveCfg = Debug|Any CPU
		{B0D3571E-05E7-4E9B-9112-BB7348311A92}.Debug|x86.Build.0 = Debug|Any CPU
		{B0D3571E-05E7-4E9B-9112-BB7348311A92}.Release|Any CPU.ActiveCfg = Release|Any CPU
		{B0D3571E-05E7-4E9B-9112-BB7348311A92}.Release|Any CPU.Build.0 = Release|Any CPU
		{B0D3571E-05E7-4E9B-9112-BB7348311A92}.Release|arm64.ActiveCfg = Release|Any CPU
		{B0D3571E-05E7-4E9B-9112-BB7348311A92}.Release|arm64.Build.0 = Release|Any CPU
		{B0D3571E-05E7-4E9B-9112-BB7348311A92}.Release|x86.ActiveCfg = Release|Any CPU
		{B0D3571E-05E7-4E9B-9112-BB7348311A92}.Release|x86.Build.0 = Release|Any CPU
		{814E2470-CBBF-446E-BF3F-844CA5DEC7E8}.Debug|Any CPU.ActiveCfg = Debug|Any CPU
		{814E2470-CBBF-446E-BF3F-844CA5DEC7E8}.Debug|Any CPU.Build.0 = Debug|Any CPU
		{814E2470-CBBF-446E-BF3F-844CA5DEC7E8}.Debug|arm64.ActiveCfg = Debug|Any CPU
		{814E2470-CBBF-446E-BF3F-844CA5DEC7E8}.Debug|arm64.Build.0 = Debug|Any CPU
		{814E2470-CBBF-446E-BF3F-844CA5DEC7E8}.Debug|x86.ActiveCfg = Debug|Any CPU
		{814E2470-CBBF-446E-BF3F-844CA5DEC7E8}.Debug|x86.Build.0 = Debug|Any CPU
		{814E2470-CBBF-446E-BF3F-844CA5DEC7E8}.Release|Any CPU.ActiveCfg = Release|Any CPU
		{814E2470-CBBF-446E-BF3F-844CA5DEC7E8}.Release|Any CPU.Build.0 = Release|Any CPU
		{814E2470-CBBF-446E-BF3F-844CA5DEC7E8}.Release|arm64.ActiveCfg = Release|Any CPU
		{814E2470-CBBF-446E-BF3F-844CA5DEC7E8}.Release|arm64.Build.0 = Release|Any CPU
		{814E2470-CBBF-446E-BF3F-844CA5DEC7E8}.Release|x86.ActiveCfg = Release|Any CPU
		{814E2470-CBBF-446E-BF3F-844CA5DEC7E8}.Release|x86.Build.0 = Release|Any CPU
		{C3AE6ADF-6867-466A-9D0B-6668296556D5}.Debug|Any CPU.ActiveCfg = Debug|Any CPU
		{C3AE6ADF-6867-466A-9D0B-6668296556D5}.Debug|Any CPU.Build.0 = Debug|Any CPU
		{C3AE6ADF-6867-466A-9D0B-6668296556D5}.Debug|arm64.ActiveCfg = Debug|Any CPU
		{C3AE6ADF-6867-466A-9D0B-6668296556D5}.Debug|arm64.Build.0 = Debug|Any CPU
		{C3AE6ADF-6867-466A-9D0B-6668296556D5}.Debug|x86.ActiveCfg = Debug|Any CPU
		{C3AE6ADF-6867-466A-9D0B-6668296556D5}.Debug|x86.Build.0 = Debug|Any CPU
		{C3AE6ADF-6867-466A-9D0B-6668296556D5}.Release|Any CPU.ActiveCfg = Release|Any CPU
		{C3AE6ADF-6867-466A-9D0B-6668296556D5}.Release|Any CPU.Build.0 = Release|Any CPU
		{C3AE6ADF-6867-466A-9D0B-6668296556D5}.Release|arm64.ActiveCfg = Release|Any CPU
		{C3AE6ADF-6867-466A-9D0B-6668296556D5}.Release|arm64.Build.0 = Release|Any CPU
		{C3AE6ADF-6867-466A-9D0B-6668296556D5}.Release|x86.ActiveCfg = Release|Any CPU
		{C3AE6ADF-6867-466A-9D0B-6668296556D5}.Release|x86.Build.0 = Release|Any CPU
	EndGlobalSection
	GlobalSection(SolutionProperties) = preSolution
		HideSolutionNode = FALSE
	EndGlobalSection
	GlobalSection(ExtensibilityGlobals) = postSolution
		SolutionGuid = {F148E661-88AB-4FE6-A11C-292C1BF08090}
	EndGlobalSection
EndGlobal
