
Microsoft Visual Studio Solution File, Format Version 12.00
Project("{FAE04EC0-301F-11D3-BF4B-00C04F79EFBC}") = "Scaffold.Core", "Scaffold.Core\Scaffold.Core.csproj", "{BC82F32A-6425-41F7-A938-AF44312ABABF}"
EndProject
Project("{FAE04EC0-301F-11D3-BF4B-00C04F79EFBC}") = "Scaffold.Calculations", "Scaffold.Calculations\Scaffold.Calculations.csproj", "{A0271CB4-B2DC-4377-A628-C6D443E88D31}"
EndProject
Project("{FAE04EC0-301F-11D3-BF4B-00C04F79EFBC}") = "Scaffold.XUnitTests", "Scaffold.XUnitTests\Scaffold.XUnitTests.csproj", "{F7EDF5A4-1652-4064-A4DC-C5B5D2CA0E9A}"
EndProject
Global
	GlobalSection(SolutionConfigurationPlatforms) = preSolution
		Debug|Any CPU = Debug|Any CPU
		Release|Any CPU = Release|Any CPU
	EndGlobalSection
	GlobalSection(ProjectConfigurationPlatforms) = postSolution
		{BC82F32A-6425-41F7-A938-AF44312ABABF}.Debug|Any CPU.ActiveCfg = Debug|Any CPU
		{BC82F32A-6425-41F7-A938-AF44312ABABF}.Debug|Any CPU.Build.0 = Debug|Any CPU
		{BC82F32A-6425-41F7-A938-AF44312ABABF}.Release|Any CPU.ActiveCfg = Release|Any CPU
		{BC82F32A-6425-41F7-A938-AF44312ABABF}.Release|Any CPU.Build.0 = Release|Any CPU
		{A0271CB4-B2DC-4377-A628-C6D443E88D31}.Debug|Any CPU.ActiveCfg = Debug|Any CPU
		{A0271CB4-B2DC-4377-A628-C6D443E88D31}.Debug|Any CPU.Build.0 = Debug|Any CPU
		{A0271CB4-B2DC-4377-A628-C6D443E88D31}.Release|Any CPU.ActiveCfg = Release|Any CPU
		{A0271CB4-B2DC-4377-A628-C6D443E88D31}.Release|Any CPU.Build.0 = Release|Any CPU
		{F7EDF5A4-1652-4064-A4DC-C5B5D2CA0E9A}.Debug|Any CPU.ActiveCfg = Debug|Any CPU
		{F7EDF5A4-1652-4064-A4DC-C5B5D2CA0E9A}.Debug|Any CPU.Build.0 = Debug|Any CPU
		{F7EDF5A4-1652-4064-A4DC-C5B5D2CA0E9A}.Release|Any CPU.ActiveCfg = Release|Any CPU
		{F7EDF5A4-1652-4064-A4DC-C5B5D2CA0E9A}.Release|Any CPU.Build.0 = Release|Any CPU
	EndGlobalSection
EndGlobal
